
Microsoft Visual Studio Solution File, Format Version 12.00
# Visual Studio Version 16
VisualStudioVersion = 16.0.29418.71
MinimumVisualStudioVersion = 10.0.40219.1
Project("{FAE04EC0-301F-11D3-BF4B-00C04F79EFBC}") = "ArraysAndLists", "ArraysAndLists\ArraysAndLists.csproj", "{83AA565D-1BB1-45D6-BAF6-AA28A6B42D70}"
EndProject
Project("{FAE04EC0-301F-11D3-BF4B-00C04F79EFBC}") = "Stack and queue", "Stack and queue\Stack and queue.csproj", "{42BA48DA-BC0A-4F56-A7EB-333CD528D5B6}"
EndProject
Project("{FAE04EC0-301F-11D3-BF4B-00C04F79EFBC}") = "Dictionary", "Dictionary\Dictionary.csproj", "{72DD3E71-F388-40E6-AEC6-79A86D4128DA}"
EndProject
Project("{FAE04EC0-301F-11D3-BF4B-00C04F79EFBC}") = "LinkedList", "LinkedList\LinkedList.csproj", "{3035B57C-7F35-45DA-B90E-9083BC148E7F}"
EndProject
Global
	GlobalSection(SolutionConfigurationPlatforms) = preSolution
		Debug|Any CPU = Debug|Any CPU
		Release|Any CPU = Release|Any CPU
	EndGlobalSection
	GlobalSection(ProjectConfigurationPlatforms) = postSolution
		{83AA565D-1BB1-45D6-BAF6-AA28A6B42D70}.Debug|Any CPU.ActiveCfg = Debug|Any CPU
		{83AA565D-1BB1-45D6-BAF6-AA28A6B42D70}.Debug|Any CPU.Build.0 = Debug|Any CPU
		{83AA565D-1BB1-45D6-BAF6-AA28A6B42D70}.Release|Any CPU.ActiveCfg = Release|Any CPU
		{83AA565D-1BB1-45D6-BAF6-AA28A6B42D70}.Release|Any CPU.Build.0 = Release|Any CPU
		{42BA48DA-BC0A-4F56-A7EB-333CD528D5B6}.Debug|Any CPU.ActiveCfg = Debug|Any CPU
		{42BA48DA-BC0A-4F56-A7EB-333CD528D5B6}.Debug|Any CPU.Build.0 = Debug|Any CPU
		{42BA48DA-BC0A-4F56-A7EB-333CD528D5B6}.Release|Any CPU.ActiveCfg = Release|Any CPU
		{42BA48DA-BC0A-4F56-A7EB-333CD528D5B6}.Release|Any CPU.Build.0 = Release|Any CPU
		{72DD3E71-F388-40E6-AEC6-79A86D4128DA}.Debug|Any CPU.ActiveCfg = Debug|Any CPU
		{72DD3E71-F388-40E6-AEC6-79A86D4128DA}.Debug|Any CPU.Build.0 = Debug|Any CPU
		{72DD3E71-F388-40E6-AEC6-79A86D4128DA}.Release|Any CPU.ActiveCfg = Release|Any CPU
		{72DD3E71-F388-40E6-AEC6-79A86D4128DA}.Release|Any CPU.Build.0 = Release|Any CPU
		{3035B57C-7F35-45DA-B90E-9083BC148E7F}.Debug|Any CPU.ActiveCfg = Debug|Any CPU
		{3035B57C-7F35-45DA-B90E-9083BC148E7F}.Debug|Any CPU.Build.0 = Debug|Any CPU
		{3035B57C-7F35-45DA-B90E-9083BC148E7F}.Release|Any CPU.ActiveCfg = Release|Any CPU
		{3035B57C-7F35-45DA-B90E-9083BC148E7F}.Release|Any CPU.Build.0 = Release|Any CPU
	EndGlobalSection
	GlobalSection(SolutionProperties) = preSolution
		HideSolutionNode = FALSE
	EndGlobalSection
	GlobalSection(ExtensibilityGlobals) = postSolution
		SolutionGuid = {825ADC8E-DC99-4A83-9D61-638894220EB2}
	EndGlobalSection
EndGlobal
